Microsoft Visual Studio Solution File, Format Version 12.00
# Visual Studio 15
Project("{8BC9CEB8-8B4A-11D0-8D11-00A0C91BC942}") = "ALL_BUILD", "ALL_BUILD.vcxproj", "{B023D96A-49FA-3BD4-A70D-63E541686012}"
	ProjectSection(ProjectDependencies) = postProject
		{10100343-01FA-3123-AFD6-1E0DABD655B2} = {10100343-01FA-3123-AFD6-1E0DABD655B2}
		{0BFCB57F-C4DE-3187-A60F-8EC82719E729} = {0BFCB57F-C4DE-3187-A60F-8EC82719E729}
		{18AA039D-17BD-3BBE-B3F6-569790BC3F6A} = {18AA039D-17BD-3BBE-B3F6-569790BC3F6A}
		{989BC4C6-D8BC-3FE5-BAEA-02613F0DB86F} = {989BC4C6-D8BC-3FE5-BAEA-02613F0DB86F}
		{29B57914-314B-3F23-97DF-1C15D3787A56} = {29B57914-314B-3F23-97DF-1C15D3787A56}
	EndProjectSection
EndProject
Project("{8BC9CEB8-8B4A-11D0-8D11-00A0C91BC942}") = "INSTALL", "INSTALL.vcxproj", "{174EB8CB-A74A-3DE0-A846-B71A47C0B296}"
	ProjectSection(ProjectDependencies) = postProject
		{B023D96A-49FA-3BD4-A70D-63E541686012} = {B023D96A-49FA-3BD4-A70D-63E541686012}
		{10100343-01FA-3123-AFD6-1E0DABD655B2} = {10100343-01FA-3123-AFD6-1E0DABD655B2}
	EndProjectSection
EndProject
Project("{8BC9CEB8-8B4A-11D0-8D11-00A0C91BC942}") = "ZERO_CHECK", "ZERO_CHECK.vcxproj", "{10100343-01FA-3123-AFD6-1E0DABD655B2}"
	ProjectSection(ProjectDependencies) = postProject
	EndProjectSection
EndProject
Project("{8BC9CEB8-8B4A-11D0-8D11-00A0C91BC942}") = "bin_ObjectLoader", "tests\bin_ObjectLoader.vcxproj", "{0BFCB57F-C4DE-3187-A60F-8EC82719E729}"
	ProjectSection(ProjectDependencies) = postProject
		{10100343-01FA-3123-AFD6-1E0DABD655B2} = {10100343-01FA-3123-AFD6-1E0DABD655B2}
		{989BC4C6-D8BC-3FE5-BAEA-02613F0DB86F} = {989BC4C6-D8BC-3FE5-BAEA-02613F0DB86F}
	EndProjectSection
EndProject
Project("{8BC9CEB8-8B4A-11D0-8D11-00A0C91BC942}") = "bin_Tester", "tests\bin_Tester.vcxproj", "{18AA039D-17BD-3BBE-B3F6-569790BC3F6A}"
	ProjectSection(ProjectDependencies) = postProject
		{10100343-01FA-3123-AFD6-1E0DABD655B2} = {10100343-01FA-3123-AFD6-1E0DABD655B2}
		{29B57914-314B-3F23-97DF-1C15D3787A56} = {29B57914-314B-3F23-97DF-1C15D3787A56}
	EndProjectSection
EndProject
Project("{8BC9CEB8-8B4A-11D0-8D11-00A0C91BC942}") = "lib_ObjectLoader", "src\engine\util\lib_ObjectLoader.vcxproj", "{989BC4C6-D8BC-3FE5-BAEA-02613F0DB86F}"
	ProjectSection(ProjectDependencies) = postProject
		{10100343-01FA-3123-AFD6-1E0DABD655B2} = {10100343-01FA-3123-AFD6-1E0DABD655B2}
	EndProjectSection
EndProject
Project("{8BC9CEB8-8B4A-11D0-8D11-00A0C91BC942}") = "lib_OpenGLUtility", "src\engine\util\lib_OpenGLUtility.vcxproj", "{29B57914-314B-3F23-97DF-1C15D3787A56}"
	ProjectSection(ProjectDependencies) = postProject
		{10100343-01FA-3123-AFD6-1E0DABD655B2} = {10100343-01FA-3123-AFD6-1E0DABD655B2}
	EndProjectSection
EndProject
Global
	GlobalSection(SolutionConfigurationPlatforms) = preSolution
		Debug|Win32 = Debug|Win32
		Release|Win32 = Release|Win32
		MinSizeRel|Win32 = MinSizeRel|Win32
		RelWithDebInfo|Win32 = RelWithDebInfo|Win32
	EndGlobalSection
	GlobalSection(ProjectConfigurationPlatforms) = postSolution
		{B023D96A-49FA-3BD4-A70D-63E541686012}.Debug|Win32.ActiveCfg = Debug|Win32
		{B023D96A-49FA-3BD4-A70D-63E541686012}.Debug|Win32.Build.0 = Debug|Win32
		{B023D96A-49FA-3BD4-A70D-63E541686012}.Release|Win32.ActiveCfg = Release|Win32
		{B023D96A-49FA-3BD4-A70D-63E541686012}.Release|Win32.Build.0 = Release|Win32
		{B023D96A-49FA-3BD4-A70D-63E541686012}.MinSizeRel|Win32.ActiveCfg = MinSizeRel|Win32
		{B023D96A-49FA-3BD4-A70D-63E541686012}.MinSizeRel|Win32.Build.0 = MinSizeRel|Win32
		{B023D96A-49FA-3BD4-A70D-63E541686012}.RelWithDebInfo|Win32.ActiveCfg = RelWithDebInfo|Win32
		{B023D96A-49FA-3BD4-A70D-63E541686012}.RelWithDebInfo|Win32.Build.0 = RelWithDebInfo|Win32
		{174EB8CB-A74A-3DE0-A846-B71A47C0B296}.Debug|Win32.ActiveCfg = Debug|Win32
		{174EB8CB-A74A-3DE0-A846-B71A47C0B296}.Release|Win32.ActiveCfg = Release|Win32
		{174EB8CB-A74A-3DE0-A846-B71A47C0B296}.MinSizeRel|Win32.ActiveCfg = MinSizeRel|Win32
		{174EB8CB-A74A-3DE0-A846-B71A47C0B296}.RelWithDebInfo|Win32.ActiveCfg = RelWithDebInfo|Win32
		{10100343-01FA-3123-AFD6-1E0DABD655B2}.Debug|Win32.ActiveCfg = Debug|Win32
		{10100343-01FA-3123-AFD6-1E0DABD655B2}.Debug|Win32.Build.0 = Debug|Win32
		{10100343-01FA-3123-AFD6-1E0DABD655B2}.Release|Win32.ActiveCfg = Release|Win32
		{10100343-01FA-3123-AFD6-1E0DABD655B2}.Release|Win32.Build.0 = Release|Win32
		{10100343-01FA-3123-AFD6-1E0DABD655B2}.MinSizeRel|Win32.ActiveCfg = MinSizeRel|Win32
		{10100343-01FA-3123-AFD6-1E0DABD655B2}.MinSizeRel|Win32.Build.0 = MinSizeRel|Win32
		{10100343-01FA-3123-AFD6-1E0DABD655B2}.RelWithDebInfo|Win32.ActiveCfg = RelWithDebInfo|Win32
		{10100343-01FA-3123-AFD6-1E0DABD655B2}.RelWithDebInfo|Win32.Build.0 = RelWithDebInfo|Win32
		{0BFCB57F-C4DE-3187-A60F-8EC82719E729}.Debug|Win32.ActiveCfg = Debug|Win32
		{0BFCB57F-C4DE-3187-A60F-8EC82719E729}.Debug|Win32.Build.0 = Debug|Win32
		{0BFCB57F-C4DE-3187-A60F-8EC82719E729}.Release|Win32.ActiveCfg = Release|Win32
		{0BFCB57F-C4DE-3187-A60F-8EC82719E729}.Release|Win32.Build.0 = Release|Win32
		{0BFCB57F-C4DE-3187-A60F-8EC82719E729}.MinSizeRel|Win32.ActiveCfg = MinSizeRel|Win32
		{0BFCB57F-C4DE-3187-A60F-8EC82719E729}.MinSizeRel|Win32.Build.0 = MinSizeRel|Win32
		{0BFCB57F-C4DE-3187-A60F-8EC82719E729}.RelWithDebInfo|Win32.ActiveCfg = RelWithDebInfo|Win32
		{0BFCB57F-C4DE-3187-A60F-8EC82719E729}.RelWithDebInfo|Win32.Build.0 = RelWithDebInfo|Win32
		{18AA039D-17BD-3BBE-B3F6-569790BC3F6A}.Debug|Win32.ActiveCfg = Debug|Win32
		{18AA039D-17BD-3BBE-B3F6-569790BC3F6A}.Debug|Win32.Build.0 = Debug|Win32
		{18AA039D-17BD-3BBE-B3F6-569790BC3F6A}.Release|Win32.ActiveCfg = Release|Win32
		{18AA039D-17BD-3BBE-B3F6-569790BC3F6A}.Release|Win32.Build.0 = Release|Win32
		{18AA039D-17BD-3BBE-B3F6-569790BC3F6A}.MinSizeRel|Win32.ActiveCfg = MinSizeRel|Win32
		{18AA039D-17BD-3BBE-B3F6-569790BC3F6A}.MinSizeRel|Win32.Build.0 = MinSizeRel|Win32
		{18AA039D-17BD-3BBE-B3F6-569790BC3F6A}.RelWithDebInfo|Win32.ActiveCfg = RelWithDebInfo|Win32
		{18AA039D-17BD-3BBE-B3F6-569790BC3F6A}.RelWithDebInfo|Win32.Build.0 = RelWithDebInfo|Win32
		{989BC4C6-D8BC-3FE5-BAEA-02613F0DB86F}.Debug|Win32.ActiveCfg = Debug|Win32
		{989BC4C6-D8BC-3FE5-BAEA-02613F0DB86F}.Debug|Win32.Build.0 = Debug|Win32
		{989BC4C6-D8BC-3FE5-BAEA-02613F0DB86F}.Release|Win32.ActiveCfg = Release|Win32
		{989BC4C6-D8BC-3FE5-BAEA-02613F0DB86F}.Release|Win32.Build.0 = Release|Win32
		{989BC4C6-D8BC-3FE5-BAEA-02613F0DB86F}.MinSizeRel|Win32.ActiveCfg = MinSizeRel|Win32
		{989BC4C6-D8BC-3FE5-BAEA-02613F0DB86F}.MinSizeRel|Win32.Build.0 = MinSizeRel|Win32
		{989BC4C6-D8BC-3FE5-BAEA-02613F0DB86F}.RelWithDebInfo|Win32.ActiveCfg = RelWithDebInfo|Win32
		{989BC4C6-D8BC-3FE5-BAEA-02613F0DB86F}.RelWithDebInfo|Win32.Build.0 = RelWithDebInfo|Win32
		{29B57914-314B-3F23-97DF-1C15D3787A56}.Debug|Win32.ActiveCfg = Debug|Win32
		{29B57914-314B-3F23-97DF-1C15D3787A56}.Debug|Win32.Build.0 = Debug|Win32
		{29B57914-314B-3F23-97DF-1C15D3787A56}.Release|Win32.ActiveCfg = Release|Win32
		{29B57914-314B-3F23-97DF-1C15D3787A56}.Release|Win32.Build.0 = Release|Win32
		{29B57914-314B-3F23-97DF-1C15D3787A56}.MinSizeRel|Win32.ActiveCfg = MinSizeRel|Win32
		{29B57914-314B-3F23-97DF-1C15D3787A56}.MinSizeRel|Win32.Build.0 = MinSizeRel|Win32
		{29B57914-314B-3F23-97DF-1C15D3787A56}.RelWithDebInfo|Win32.ActiveCfg = RelWithDebInfo|Win32
		{29B57914-314B-3F23-97DF-1C15D3787A56}.RelWithDebInfo|Win32.Build.0 = RelWithDebInfo|Win32
	EndGlobalSection
	GlobalSection(ExtensibilityGlobals) = postSolution
		SolutionGuid = {E3B89EE0-512E-31A8-85B2-A8162BC01687}
	EndGlobalSection
	GlobalSection(ExtensibilityAddIns) = postSolution
	EndGlobalSection
EndGlobal
