
Microsoft Visual Studio Solution File, Format Version 12.00
# Visual Studio 15
VisualStudioVersion = 15.0.28307.168
MinimumVisualStudioVersion = 10.0.40219.1
Project("{8BC9CEB8-8B4A-11D0-8D11-00A0C91BC942}") = "SpaceDefender", "SpaceDefender.vcxproj", "{10C9A6C7-61F4-43F0-9D6F-9D531955022C}"
EndProject
Global
	GlobalSection(SolutionConfigurationPlatforms) = preSolution
		Debug|x64 = Debug|x64
		Debug|x86 = Debug|x86
		Release|x64 = Release|x64
		Release|x86 = Release|x86
	EndGlobalSection
	GlobalSection(ProjectConfigurationPlatforms) = postSolution
		{10C9A6C7-61F4-43F0-9D6F-9D531955022C}.Debug|x64.ActiveCfg = Debug|x64
		{10C9A6C7-61F4-43F0-9D6F-9D531955022C}.Debug|x64.Build.0 = Debug|x64
		{10C9A6C7-61F4-43F0-9D6F-9D531955022C}.Debug|x86.ActiveCfg = Debug|Win32
		{10C9A6C7-61F4-43F0-9D6F-9D531955022C}.Debug|x86.Build.0 = Debug|Win32
		{10C9A6C7-61F4-43F0-9D6F-9D531955022C}.Release|x64.ActiveCfg = Release|x64
		{10C9A6C7-61F4-43F0-9D6F-9D531955022C}.Release|x64.Build.0 = Release|x64
		{10C9A6C7-61F4-43F0-9D6F-9D531955022C}.Release|x86.ActiveCfg = Release|Win32
		{10C9A6C7-61F4-43F0-9D6F-9D531955022C}.Release|x86.Build.0 = Release|Win32
	EndGlobalSection
	GlobalSection(SolutionProperties) = preSolution
		HideSolutionNode = FALSE
	EndGlobalSection
	GlobalSection(ExtensibilityGlobals) = postSolution
		SolutionGuid = {B4893CB8-30F0-4043-A17A-3D7EB03559C0}
	EndGlobalSection
EndGlobal
