<?xml version="1.0" encoding="utf-8"?>
<Project ToolsVersion="4.0" xmlns="http://schemas.microsoft.com/developer/msbuild/2003">
  <ItemGroup>
    <Filter Include="Source Files">
      <UniqueIdentifier>{4FC737F1-C7A5-4376-A066-2A32D752A2FF}</UniqueIdentifier>
      <Extensions>cpp;c;cc;cxx;def;odl;idl;hpj;bat;asm;asmx</Extensions>
    </Filter>
    <Filter Include="Header Files">
      <UniqueIdentifier>{93995380-89BD-4b04-88EB-625FBE52EBFB}</UniqueIdentifier>
      <Extensions>h;hh;hpp;hxx;hm;inl;inc;xsd</Extensions>
    </Filter>
    <Filter Include="Resource Files">
      <UniqueIdentifier>{67DA6AB6-F800-4c08-8B7A-83BB121AAD01}</UniqueIdentifier>
      <Extensions>rc;ico;cur;bmp;dlg;rc2;rct;bin;rgs;gif;jpg;jpeg;jpe;resx;tiff;tif;png;wav</Extensions>
    </Filter>
  </ItemGroup>
  <ItemGroup>
    <ClCompile Include="src\engine\UtiliDefs.cc">
      <Filter>Source Files</Filter>
    </ClCompile>
    <ClCompile Include="src\engine\containers\IndexQueue.cc">
      <Filter>Source Files</Filter>
    </ClCompile>
    <ClCompile Include="src\engine\containers\Iterator.cc">
      <Filter>Source Files</Filter>
    </ClCompile>
    <ClCompile Include="src\engine\containers\IterItem.cc">
      <Filter>Source Files</Filter>
    </ClCompile>
    <ClCompile Include="src\engine\containers\ObjectManager.cc">
      <Filter>Source Files</Filter>
    </ClCompile>
    <ClCompile Include="src\engine\font\ArialFontData.cc">
      <Filter>Source Files</Filter>
    </ClCompile>
    <ClCompile Include="src\engine\font\Font.cc">
      <Filter>Source Files</Filter>
    </ClCompile>
    <ClCompile Include="src\engine\font\FontData.cc">
      <Filter>Source Files</Filter>
    </ClCompile>
    <ClCompile Include="src\engine\graphics\TexData.cc">
      <Filter>Source Files</Filter>
    </ClCompile>
    <ClCompile Include="src\engine\graphics\Texture.cc">
      <Filter>Source Files</Filter>
    </ClCompile>
    <ClCompile Include="src\engine\graphics\TextureShader.cc">
      <Filter>Source Files</Filter>
    </ClCompile>
    <ClCompile Include="src\engine\objects\Button.cc">
      <Filter>Source Files</Filter>
    </ClCompile>
    <ClCompile Include="src\engine\objects\Canvas.cc">
      <Filter>Source Files</Filter>
    </ClCompile>
    <ClCompile Include="src\engine\objects\Collider.cc">
      <Filter>Source Files</Filter>
    </ClCompile>
    <ClCompile Include="src\engine\objects\DrawableObject.cc">
      <Filter>Source Files</Filter>
    </ClCompile>
    <ClCompile Include="src\engine\objects\GameObject.cc">
      <Filter>Source Files</Filter>
    </ClCompile>
    <ClCompile Include="src\engine\objects\Observer.cc">
      <Filter>Source Files</Filter>
    </ClCompile>
    <ClCompile Include="src\engine\objects\RenderableObject.cc">
      <Filter>Source Files</Filter>
    </ClCompile>
    <ClCompile Include="src\engine\objects\Renderer.cc">
      <Filter>Source Files</Filter>
    </ClCompile>
    <ClCompile Include="src\engine\objects\RigidBody.cc">
      <Filter>Source Files</Filter>
    </ClCompile>
    <ClCompile Include="src\engine\objects\ScrollingBackground.cc">
      <Filter>Source Files</Filter>
    </ClCompile>
    <ClCompile Include="src\engine\objects\Subject.cc">
      <Filter>Source Files</Filter>
    </ClCompile>
    <ClCompile Include="src\engine\objects\TexRenderer.cc">
      <Filter>Source Files</Filter>
    </ClCompile>
    <ClCompile Include="src\engine\objects\Text.cc">
      <Filter>Source Files</Filter>
    </ClCompile>
    <ClCompile Include="src\engine\objects\Transform.cc">
      <Filter>Source Files</Filter>
    </ClCompile>
    <ClCompile Include="src\engine\objects\TransformData.cc">
      <Filter>Source Files</Filter>
    </ClCompile>
    <ClCompile Include="src\engine\objects\UIObject.cc">
      <Filter>Source Files</Filter>
    </ClCompile>
    <ClCompile Include="src\engine\shapes\CircleData.cc">
      <Filter>Source Files</Filter>
    </ClCompile>
    <ClCompile Include="src\engine\shapes\LineSegmentData.cc">
      <Filter>Source Files</Filter>
    </ClCompile>
    <ClCompile Include="src\engine\shapes\QuadData.cc">
      <Filter>Source Files</Filter>
    </ClCompile>
    <ClCompile Include="src\engine\shapes\Shape.cc">
      <Filter>Source Files</Filter>
    </ClCompile>
    <ClCompile Include="src\engine\shapes\ShapeData.cc">
      <Filter>Source Files</Filter>
    </ClCompile>
    <ClCompile Include="src\engine\shapes\TriangleData.cc">
      <Filter>Source Files</Filter>
    </ClCompile>
    <ClCompile Include="src\engine\util\DebugFunctions.cc">
      <Filter>Source Files</Filter>
    </ClCompile>
    <ClCompile Include="src\engine\util\DistanceEntry.cc">
      <Filter>Source Files</Filter>
    </ClCompile>
    <ClCompile Include="src\engine\util\KeyMap.cc">
      <Filter>Source Files</Filter>
    </ClCompile>
    <ClCompile Include="src\engine\util\Logger.cc">
      <Filter>Source Files</Filter>
    </ClCompile>
    <ClCompile Include="src\engine\util\MailBox.cc">
      <Filter>Source Files</Filter>
    </ClCompile>
    <ClCompile Include="src\engine\util\OpenGLOptions.cc">
      <Filter>Source Files</Filter>
    </ClCompile>
    <ClCompile Include="src\engine\util\OpenGLUtility.cc">
      <Filter>Source Files</Filter>
    </ClCompile>
    <ClCompile Include="src\engine\util\ShaderProgram.cc">
      <Filter>Source Files</Filter>
    </ClCompile>
    <ClCompile Include="src\engine\util\TextShader.cc">
      <Filter>Source Files</Filter>
    </ClCompile>
    <ClCompile Include="src\engine\util\Thread.cc">
      <Filter>Source Files</Filter>
    </ClCompile>
    <ClCompile Include="src\game\ActiveObjectTracker.cc">
      <Filter>Source Files</Filter>
    </ClCompile>
    <ClCompile Include="src\game\Asteroid.cc">
      <Filter>Source Files</Filter>
    </ClCompile>
    <ClCompile Include="src\game\AsteroidCollision.cc">
      <Filter>Source Files</Filter>
    </ClCompile>
    <ClCompile Include="src\game\AsteroidSpawner.cc">
      <Filter>Source Files</Filter>
    </ClCompile>
    <ClCompile Include="src\game\CollisionDetector.cc">
      <Filter>Source Files</Filter>
    </ClCompile>
    <ClCompile Include="src\game\EnemyShip.cc">
      <Filter>Source Files</Filter>
    </ClCompile>
    <ClCompile Include="src\game\EnemyShipManager.cc">
      <Filter>Source Files</Filter>
    </ClCompile>
    <ClCompile Include="src\game\Explosion.cc">
      <Filter>Source Files</Filter>
    </ClCompile>
    <ClCompile Include="src\game\ExplosionManager.cc">
      <Filter>Source Files</Filter>
    </ClCompile>
    <ClCompile Include="src\game\Laser.cc">
      <Filter>Source Files</Filter>
    </ClCompile>
    <ClCompile Include="src\game\LaserCannon.cc">
      <Filter>Source Files</Filter>
    </ClCompile>
    <ClCompile Include="src\game\main.cc">
      <Filter>Source Files</Filter>
    </ClCompile>
    <ClCompile Include="src\game\Player.cc">
      <Filter>Source Files</Filter>
    </ClCompile>
    <ClCompile Include="src\game\ScoreText.cc">
      <Filter>Source Files</Filter>
    </ClCompile>
    <ClCompile Include="src\game\SpaceDefender.cc">
      <Filter>Source Files</Filter>
    </ClCompile>
    <ClCompile Include="external\glad\src\glad.c">
      <Filter>Source Files</Filter>
    </ClCompile>
  </ItemGroup>
  <ItemGroup>
    <ClInclude Include="include\doc\Groups.h">
      <Filter>Header Files</Filter>
    </ClInclude>
    <ClInclude Include="include\engine\containers\Detector.h">
      <Filter>Header Files</Filter>
    </ClInclude>
    <ClInclude Include="include\engine\containers\IndexQueue.h">
      <Filter>Header Files</Filter>
    </ClInclude>
    <ClInclude Include="include\engine\containers\Iterator.h">
      <Filter>Header Files</Filter>
    </ClInclude>
    <ClInclude Include="include\engine\containers\IterItem.h">
      <Filter>Header Files</Filter>
    </ClInclude>
    <ClInclude Include="include\engine\containers\ObjectManager.h">
      <Filter>Header Files</Filter>
    </ClInclude>
    <ClInclude Include="include\engine\font\ArialFontData.h">
      <Filter>Header Files</Filter>
    </ClInclude>
    <ClInclude Include="include\engine\font\Font.h">
      <Filter>Header Files</Filter>
    </ClInclude>
    <ClInclude Include="include\engine\font\FontData.h">
      <Filter>Header Files</Filter>
    </ClInclude>
    <ClInclude Include="include\engine\graphics\TexData.h">
      <Filter>Header Files</Filter>
    </ClInclude>
    <ClInclude Include="include\engine\graphics\Texture.h">
      <Filter>Header Files</Filter>
    </ClInclude>
    <ClInclude Include="include\engine\graphics\TextureShader.h">
      <Filter>Header Files</Filter>
    </ClInclude>
    <ClInclude Include="include\engine\objects\Button.h">
      <Filter>Header Files</Filter>
    </ClInclude>
    <ClInclude Include="include\engine\objects\Canvas.h">
      <Filter>Header Files</Filter>
    </ClInclude>
    <ClInclude Include="include\engine\objects\Collider.h">
      <Filter>Header Files</Filter>
    </ClInclude>
    <ClInclude Include="include\engine\objects\DrawableObject.h">
      <Filter>Header Files</Filter>
    </ClInclude>
    <ClInclude Include="include\engine\objects\GameObject.h">
      <Filter>Header Files</Filter>
    </ClInclude>
    <ClInclude Include="include\engine\objects\Menu.h">
      <Filter>Header Files</Filter>
    </ClInclude>
    <ClInclude Include="include\engine\objects\Observer.h">
      <Filter>Header Files</Filter>
    </ClInclude>
    <ClInclude Include="include\engine\objects\RenderableObject.h">
      <Filter>Header Files</Filter>
    </ClInclude>
    <ClInclude Include="include\engine\objects\Renderer.h">
      <Filter>Header Files</Filter>
    </ClInclude>
    <ClInclude Include="include\engine\objects\RigidBody.h">
      <Filter>Header Files</Filter>
    </ClInclude>
    <ClInclude Include="include\engine\objects\ScrollingBackground.h">
      <Filter>Header Files</Filter>
    </ClInclude>
    <ClInclude Include="include\engine\objects\Subject.h">
      <Filter>Header Files</Filter>
    </ClInclude>
    <ClInclude Include="include\engine\objects\TexRenderer.h">
      <Filter>Header Files</Filter>
    </ClInclude>
    <ClInclude Include="include\engine\objects\Text.h">
      <Filter>Header Files</Filter>
    </ClInclude>
    <ClInclude Include="include\engine\objects\Transform.h">
      <Filter>Header Files</Filter>
    </ClInclude>
    <ClInclude Include="include\engine\objects\TransformData.h">
      <Filter>Header Files</Filter>
    </ClInclude>
    <ClInclude Include="include\engine\objects\UIObject.h">
      <Filter>Header Files</Filter>
    </ClInclude>
    <ClInclude Include="include\engine\shapes\CircleData.h">
      <Filter>Header Files</Filter>
    </ClInclude>
    <ClInclude Include="include\engine\shapes\LineSegmentData.h">
      <Filter>Header Files</Filter>
    </ClInclude>
    <ClInclude Include="include\engine\shapes\QuadData.h">
      <Filter>Header Files</Filter>
    </ClInclude>
    <ClInclude Include="include\engine\shapes\Rectangle.h">
      <Filter>Header Files</Filter>
    </ClInclude>
    <ClInclude Include="include\engine\shapes\Shape.h">
      <Filter>Header Files</Filter>
    </ClInclude>
    <ClInclude Include="include\engine\shapes\ShapeData.h">
      <Filter>Header Files</Filter>
    </ClInclude>
    <ClInclude Include="include\engine\shapes\TriangleData.h">
      <Filter>Header Files</Filter>
    </ClInclude>
    <ClInclude Include="include\engine\util\BoundryBox.h">
      <Filter>Header Files</Filter>
    </ClInclude>
    <ClInclude Include="include\engine\util\Constants.h">
      <Filter>Header Files</Filter>
    </ClInclude>
    <ClInclude Include="include\engine\util\DebugFunctions.h">
      <Filter>Header Files</Filter>
    </ClInclude>
    <ClInclude Include="include\engine\util\DistanceEntry.h">
      <Filter>Header Files</Filter>
    </ClInclude>
    <ClInclude Include="include\engine\util\KeyMap.h">
      <Filter>Header Files</Filter>
    </ClInclude>
    <ClInclude Include="include\engine\util\Logger.h">
      <Filter>Header Files</Filter>
    </ClInclude>
    <ClInclude Include="include\engine\util\MailBox.h">
      <Filter>Header Files</Filter>
    </ClInclude>
    <ClInclude Include="include\engine\util\OpenGLOptions.h">
      <Filter>Header Files</Filter>
    </ClInclude>
    <ClInclude Include="include\engine\util\OpenGLUtility.h">
      <Filter>Header Files</Filter>
    </ClInclude>
    <ClInclude Include="include\engine\util\Paths.h">
      <Filter>Header Files</Filter>
    </ClInclude>
    <ClInclude Include="include\engine\util\ShaderProgram.h">
      <Filter>Header Files</Filter>
    </ClInclude>
    <ClInclude Include="include\engine\util\TextShader.h">
      <Filter>Header Files</Filter>
    </ClInclude>
    <ClInclude Include="include\engine\util\Thread.h">
      <Filter>Header Files</Filter>
    </ClInclude>
    <ClInclude Include="include\engine\util\UtiliDefs.h">
      <Filter>Header Files</Filter>
    </ClInclude>
    <ClInclude Include="include\game\ActiveObjectTracker.h">
      <Filter>Header Files</Filter>
    </ClInclude>
    <ClInclude Include="include\game\Asteroid.h">
      <Filter>Header Files</Filter>
    </ClInclude>
    <ClInclude Include="include\game\AsteroidCollision.h">
      <Filter>Header Files</Filter>
    </ClInclude>
    <ClInclude Include="include\game\AsteroidSpawner.h">
      <Filter>Header Files</Filter>
    </ClInclude>
    <ClInclude Include="include\game\CollisionDetector.h">
      <Filter>Header Files</Filter>
    </ClInclude>
    <ClInclude Include="include\game\EnemyShip.h">
      <Filter>Header Files</Filter>
    </ClInclude>
    <ClInclude Include="include\game\EnemyShipManager.h">
      <Filter>Header Files</Filter>
    </ClInclude>
    <ClInclude Include="include\game\Explosion.h">
      <Filter>Header Files</Filter>
    </ClInclude>
    <ClInclude Include="include\game\ExplosionManager.h">
      <Filter>Header Files</Filter>
    </ClInclude>
    <ClInclude Include="include\game\Laser.h">
      <Filter>Header Files</Filter>
    </ClInclude>
    <ClInclude Include="include\game\LaserCannon.h">
      <Filter>Header Files</Filter>
    </ClInclude>
    <ClInclude Include="include\game\Player.h">
      <Filter>Header Files</Filter>
    </ClInclude>
    <ClInclude Include="include\game\ScoreText.h">
      <Filter>Header Files</Filter>
    </ClInclude>
    <ClInclude Include="include\game\SpaceDefender.h">
      <Filter>Header Files</Filter>
    </ClInclude>
  </ItemGroup>
</Project>