<?xml version="1.0" encoding="utf-8"?>
<Project ToolsVersion="4.0" xmlns="http://schemas.microsoft.com/developer/msbuild/2003">
  <ItemGroup>
    <Filter Include="Resource Files">
      <UniqueIdentifier>{67DA6AB6-F800-4c08-8B7A-83BB121AAD01}</UniqueIdentifier>
      <Extensions>rc;ico;cur;bmp;dlg;rc2;rct;bin;rgs;gif;jpg;jpeg;jpe;resx;tiff;tif;png;wav;mfcribbon-ms</Extensions>
    </Filter>
    <Filter Include="include">
      <UniqueIdentifier>{93995380-89BD-4b04-88EB-625FBE52EBFB}</UniqueIdentifier>
      <Extensions>h;hh;hpp;hxx;hm;inl;inc;xsd</Extensions>
    </Filter>
    <Filter Include="src">
      <UniqueIdentifier>{4FC737F1-C7A5-4376-A066-2A32D752A2FF}</UniqueIdentifier>
      <Extensions>cpp;c;cc;cxx;def;odl;idl;hpj;bat;asm;asmx</Extensions>
    </Filter>
    <Filter Include="src\engine">
      <UniqueIdentifier>{35dd182c-bd6c-47fe-b9b8-b6261a440441}</UniqueIdentifier>
    </Filter>
    <Filter Include="src\game">
      <UniqueIdentifier>{88390b55-9522-4516-9516-8d82e3e2510c}</UniqueIdentifier>
    </Filter>
    <Filter Include="src\engine\containers">
      <UniqueIdentifier>{89333dea-a693-414d-83c6-6a0679b610f0}</UniqueIdentifier>
    </Filter>
    <Filter Include="src\engine\objects">
      <UniqueIdentifier>{2a9b4c60-8863-4686-86c6-8cde9ccfc7e1}</UniqueIdentifier>
    </Filter>
    <Filter Include="src\engine\shapes">
      <UniqueIdentifier>{2f351c8b-619a-4ebb-95e5-4b09cb789a52}</UniqueIdentifier>
    </Filter>
    <Filter Include="src\engine\util">
      <UniqueIdentifier>{27b01856-3152-4bba-9590-e6e8689f032f}</UniqueIdentifier>
    </Filter>
    <Filter Include="include\engine">
      <UniqueIdentifier>{8107fe3b-2347-442b-96c2-837645739f79}</UniqueIdentifier>
    </Filter>
    <Filter Include="include\game">
      <UniqueIdentifier>{473c449d-951f-4e45-90af-3bbd6e9b6b33}</UniqueIdentifier>
    </Filter>
    <Filter Include="include\engine\containers">
      <UniqueIdentifier>{1761a8e5-13f6-4fee-8935-257cce3439fd}</UniqueIdentifier>
    </Filter>
    <Filter Include="include\engine\objects">
      <UniqueIdentifier>{ed3264c7-c951-4479-a6a3-6ada9da09587}</UniqueIdentifier>
    </Filter>
    <Filter Include="include\engine\shapes">
      <UniqueIdentifier>{a7c361f3-95d9-4b27-912e-d9fdd6a728f8}</UniqueIdentifier>
    </Filter>
    <Filter Include="include\engine\util">
      <UniqueIdentifier>{f7a2f3b6-18e6-4375-8d77-a812b4c165aa}</UniqueIdentifier>
    </Filter>
    <Filter Include="include\engine\font">
      <UniqueIdentifier>{1aefc50b-6873-4676-8701-b4ebff60e91e}</UniqueIdentifier>
    </Filter>
    <Filter Include="src\engine\font">
      <UniqueIdentifier>{b12c278d-2dba-4ee2-b49c-6edf2ce20891}</UniqueIdentifier>
    </Filter>
    <Filter Include="include\engine\graphics">
      <UniqueIdentifier>{584db9de-90d4-48b7-9406-6baf5a4e9b45}</UniqueIdentifier>
    </Filter>
    <Filter Include="src\engine\graphics">
      <UniqueIdentifier>{c9ebb830-9c3d-4721-8243-ad5c26283612}</UniqueIdentifier>
    </Filter>
  </ItemGroup>
  <ItemGroup>
    <ClCompile Include="..\..\..\src\engine\objects\Collider.cc">
      <Filter>src\engine\objects</Filter>
    </ClCompile>
    <ClCompile Include="..\..\..\src\engine\containers\ObjectManager.cc">
      <Filter>src\engine\containers</Filter>
    </ClCompile>
    <ClCompile Include="..\..\..\src\engine\util\OpenGLOptions.cc">
      <Filter>src\engine\util</Filter>
    </ClCompile>
    <ClCompile Include="..\..\..\src\engine\objects\RenderableObject.cc">
      <Filter>src\engine\objects</Filter>
    </ClCompile>
    <ClCompile Include="..\..\..\src\engine\util\ShaderProgram.cc">
      <Filter>src\engine\util</Filter>
    </ClCompile>
    <ClCompile Include="..\..\..\src\engine\objects\Renderer.cc">
      <Filter>src\engine\objects</Filter>
    </ClCompile>
    <ClCompile Include="..\..\..\src\engine\shapes\Shape.cc">
      <Filter>src\engine\shapes</Filter>
    </ClCompile>
    <ClCompile Include="..\..\..\src\game\main.cc">
      <Filter>src\game</Filter>
    </ClCompile>
    <ClCompile Include="..\..\..\external\glad\src\glad.c">
      <Filter>src</Filter>
    </ClCompile>
    <ClCompile Include="..\..\..\src\engine\objects\TransformData.cc">
      <Filter>src\engine\objects</Filter>
    </ClCompile>
    <ClCompile Include="..\..\..\src\engine\objects\Transform.cc">
      <Filter>src\engine\objects</Filter>
    </ClCompile>
    <ClCompile Include="..\..\..\src\engine\objects\GameObject.cc">
      <Filter>src\engine\objects</Filter>
    </ClCompile>
    <ClCompile Include="..\..\..\src\engine\shapes\ShapeData.cc">
      <Filter>src\engine\shapes</Filter>
    </ClCompile>
    <ClCompile Include="..\..\..\src\engine\shapes\CircleData.cc">
      <Filter>src\engine\shapes</Filter>
    </ClCompile>
    <ClCompile Include="..\..\..\src\engine\shapes\QuadData.cc">
      <Filter>src\engine\shapes</Filter>
    </ClCompile>
    <ClCompile Include="..\..\..\src\engine\shapes\LineSegmentData.cc">
      <Filter>src\engine\shapes</Filter>
    </ClCompile>
    <ClCompile Include="..\..\..\src\engine\shapes\TriangleData.cc">
      <Filter>src\engine\shapes</Filter>
    </ClCompile>
    <ClCompile Include="..\..\..\src\engine\util\DebugFunctions.cc">
      <Filter>src\engine\util</Filter>
    </ClCompile>
    <ClCompile Include="..\..\..\src\game\Player.cc">
      <Filter>src\game</Filter>
    </ClCompile>
    <ClCompile Include="..\..\..\src\engine\util\OpenGLUtility.cc">
      <Filter>src\engine\util</Filter>
    </ClCompile>
    <ClCompile Include="..\..\..\src\game\LaserCannon.cc">
      <Filter>src\game</Filter>
    </ClCompile>
    <ClCompile Include="..\..\..\src\game\Laser.cc">
      <Filter>src\game</Filter>
    </ClCompile>
    <ClCompile Include="..\..\..\src\game\SpaceDefender.cc">
      <Filter>src\game</Filter>
    </ClCompile>
    <ClCompile Include="..\..\..\src\engine\objects\Subject.cc">
      <Filter>src\engine\objects</Filter>
    </ClCompile>
    <ClCompile Include="..\..\..\src\engine\objects\Observer.cc">
      <Filter>src\engine\objects</Filter>
    </ClCompile>
    <ClCompile Include="..\..\..\src\game\CollisionDetector.cc">
      <Filter>src\game</Filter>
    </ClCompile>
    <ClCompile Include="..\..\..\src\engine\util\KeyMap.cc">
      <Filter>src\engine\util</Filter>
    </ClCompile>
    <ClCompile Include="..\..\..\src\engine\objects\RigidBody.cc">
      <Filter>src\engine\objects</Filter>
    </ClCompile>
    <ClCompile Include="..\..\..\src\engine\font\Font.cc">
      <Filter>src\engine\font</Filter>
    </ClCompile>
    <ClCompile Include="..\..\..\src\engine\util\TextShader.cc">
      <Filter>src\engine\util</Filter>
    </ClCompile>
    <ClCompile Include="..\..\..\src\engine\font\FontData.cc">
      <Filter>src\engine\font</Filter>
    </ClCompile>
    <ClCompile Include="..\..\..\src\engine\font\ArialFontData.cc">
      <Filter>src\engine\font</Filter>
    </ClCompile>
    <ClCompile Include="..\..\..\src\engine\objects\Text.cc">
      <Filter>src\engine\objects</Filter>
    </ClCompile>
    <ClCompile Include="..\..\..\src\engine\objects\UIObject.cc">
      <Filter>src\engine\objects</Filter>
    </ClCompile>
    <ClCompile Include="..\..\..\src\engine\objects\Canvas.cc">
      <Filter>src\engine\objects</Filter>
    </ClCompile>
    <ClCompile Include="..\..\..\src\game\ScoreText.cc">
      <Filter>src\game</Filter>
    </ClCompile>
    <ClCompile Include="..\..\..\src\engine\objects\Button.cc">
      <Filter>src\engine\objects</Filter>
    </ClCompile>
    <ClCompile Include="..\..\..\src\engine\graphics\TexData.cc">
      <Filter>src\engine\graphics</Filter>
    </ClCompile>
    <ClCompile Include="..\..\..\src\engine\graphics\Texture.cc">
      <Filter>src\engine\graphics</Filter>
    </ClCompile>
    <ClCompile Include="..\..\..\src\engine\graphics\TextureShader.cc">
      <Filter>src\engine\util</Filter>
    </ClCompile>
    <ClCompile Include="..\..\..\src\engine\objects\DrawableObject.cc">
      <Filter>src\engine\objects</Filter>
    </ClCompile>
    <ClCompile Include="..\..\..\src\engine\objects\TexRenderer.cc">
      <Filter>src\engine\objects</Filter>
    </ClCompile>
    <ClCompile Include="..\..\..\src\game\Explosion.cc">
      <Filter>src\game</Filter>
    </ClCompile>
    <ClCompile Include="..\..\..\src\game\ExplosionManager.cc">
      <Filter>src\game</Filter>
    </ClCompile>
    <ClCompile Include="..\..\..\src\game\Asteroid.cc">
      <Filter>src\game</Filter>
    </ClCompile>
    <ClCompile Include="..\..\..\src\game\AsteroidCollision.cc">
      <Filter>src\game</Filter>
    </ClCompile>
    <ClCompile Include="..\..\..\src\game\AsteroidSpawner.cc">
      <Filter>src\game</Filter>
    </ClCompile>
  </ItemGroup>
  <ItemGroup>
    <ClInclude Include="..\..\..\include\engine\objects\Collider.h">
      <Filter>include\engine\objects</Filter>
    </ClInclude>
    <ClInclude Include="..\..\..\include\engine\containers\ObjectManager.h">
      <Filter>include\engine\containers</Filter>
    </ClInclude>
    <ClInclude Include="..\..\..\include\engine\util\Paths.h">
      <Filter>include\engine\util</Filter>
    </ClInclude>
    <ClInclude Include="..\..\..\include\engine\util\OpenGLOptions.h">
      <Filter>include\engine\util</Filter>
    </ClInclude>
    <ClInclude Include="..\..\..\include\engine\objects\RenderableObject.h">
      <Filter>include\engine\objects</Filter>
    </ClInclude>
    <ClInclude Include="..\..\..\include\engine\objects\Renderer.h">
      <Filter>include\engine\objects</Filter>
    </ClInclude>
    <ClInclude Include="..\..\..\include\engine\util\ShaderProgram.h">
      <Filter>include\engine\util</Filter>
    </ClInclude>
    <ClInclude Include="..\..\..\include\engine\shapes\Shape.h">
      <Filter>include\engine\shapes</Filter>
    </ClInclude>
    <ClInclude Include="..\..\..\include\engine\util\Constants.h">
      <Filter>include\engine\util</Filter>
    </ClInclude>
    <ClInclude Include="..\..\..\include\engine\objects\TransformData.h">
      <Filter>include\engine\objects</Filter>
    </ClInclude>
    <ClInclude Include="..\..\..\include\engine\objects\Transform.h">
      <Filter>include\engine\objects</Filter>
    </ClInclude>
    <ClInclude Include="..\..\..\include\engine\objects\GameObject.h">
      <Filter>include\engine\objects</Filter>
    </ClInclude>
    <ClInclude Include="..\..\..\include\engine\shapes\ShapeData.h">
      <Filter>include\engine\shapes</Filter>
    </ClInclude>
    <ClInclude Include="..\..\..\include\engine\shapes\CircleData.h">
      <Filter>include\engine\shapes</Filter>
    </ClInclude>
    <ClInclude Include="..\..\..\include\engine\shapes\QuadData.h">
      <Filter>include\engine\shapes</Filter>
    </ClInclude>
    <ClInclude Include="..\..\..\include\engine\shapes\LineSegmentData.h">
      <Filter>include\engine\shapes</Filter>
    </ClInclude>
    <ClInclude Include="..\..\..\include\engine\shapes\TriangleData.h">
      <Filter>include\engine\shapes</Filter>
    </ClInclude>
    <ClInclude Include="..\..\..\include\engine\util\DebugFunctions.h">
      <Filter>include\engine\util</Filter>
    </ClInclude>
    <ClInclude Include="..\..\..\include\game\Player.h">
      <Filter>include\game</Filter>
    </ClInclude>
    <ClInclude Include="..\..\..\include\engine\util\BoundryBox.h">
      <Filter>include\engine\util</Filter>
    </ClInclude>
    <ClInclude Include="..\..\..\include\engine\util\OpenGLUtility.h">
      <Filter>include\engine\util</Filter>
    </ClInclude>
    <ClInclude Include="..\..\..\include\game\LaserCannon.h">
      <Filter>include\game</Filter>
    </ClInclude>
    <ClInclude Include="..\..\..\include\game\Laser.h">
      <Filter>include\game</Filter>
    </ClInclude>
    <ClInclude Include="..\..\..\include\game\SpaceDefender.h">
      <Filter>include\game</Filter>
    </ClInclude>
    <ClInclude Include="..\..\..\include\engine\objects\Observer.h">
      <Filter>include\engine\objects</Filter>
    </ClInclude>
    <ClInclude Include="..\..\..\include\engine\objects\Subject.h">
      <Filter>include\engine\objects</Filter>
    </ClInclude>
    <ClInclude Include="..\..\..\include\game\CollisionDetector.h">
      <Filter>include\game</Filter>
    </ClInclude>
    <ClInclude Include="..\..\..\include\engine\util\KeyMap.h">
      <Filter>include\engine\util</Filter>
    </ClInclude>
    <ClInclude Include="..\..\..\include\engine\objects\RigidBody.h">
      <Filter>include\engine\objects</Filter>
    </ClInclude>
    <ClInclude Include="..\..\..\include\engine\util\TextShader.h">
      <Filter>include\engine\util</Filter>
    </ClInclude>
    <ClInclude Include="..\..\..\include\engine\font\FontData.h">
      <Filter>include\engine\font</Filter>
    </ClInclude>
    <ClInclude Include="..\..\..\include\engine\font\Font.h">
      <Filter>include\engine\font</Filter>
    </ClInclude>
    <ClInclude Include="..\..\..\include\engine\font\ArialFontData.h">
      <Filter>include\engine\font</Filter>
    </ClInclude>
    <ClInclude Include="..\..\..\include\engine\objects\Text.h">
      <Filter>include\engine\objects</Filter>
    </ClInclude>
    <ClInclude Include="..\..\..\include\engine\objects\UIObject.h">
      <Filter>include\engine\objects</Filter>
    </ClInclude>
    <ClInclude Include="..\..\..\include\engine\objects\Canvas.h">
      <Filter>include\engine\objects</Filter>
    </ClInclude>
    <ClInclude Include="..\..\..\include\game\ScoreText.h">
      <Filter>include\game</Filter>
    </ClInclude>
    <ClInclude Include="..\..\..\include\engine\objects\Menu.h">
      <Filter>include\engine\objects</Filter>
    </ClInclude>
    <ClInclude Include="..\..\..\include\engine\objects\Button.h">
      <Filter>include\engine\objects</Filter>
    </ClInclude>
    <ClInclude Include="..\..\..\include\engine\graphics\TexData.h">
      <Filter>include\engine\graphics</Filter>
    </ClInclude>
    <ClInclude Include="..\..\..\include\engine\graphics\Texture.h">
      <Filter>include\engine\graphics</Filter>
    </ClInclude>
    <ClInclude Include="..\..\..\src\engine\graphics\TextureShader.h">
      <Filter>include\engine\util</Filter>
    </ClInclude>
    <ClInclude Include="..\..\..\include\engine\objects\TexRenderer.h">
      <Filter>include\engine\objects</Filter>
    </ClInclude>
    <ClInclude Include="..\..\..\include\engine\objects\DrawableObject.h">
      <Filter>include\engine\objects</Filter>
    </ClInclude>
    <ClInclude Include="..\..\..\include\game\Explosion.h">
      <Filter>include\game</Filter>
    </ClInclude>
    <ClInclude Include="..\..\..\include\game\ExplosionManager.h">
      <Filter>include\game</Filter>
    </ClInclude>
    <ClInclude Include="..\..\..\include\game\Asteroid.h">
      <Filter>include\game</Filter>
    </ClInclude>
    <ClInclude Include="..\..\..\include\game\AsteroidCollision.h">
      <Filter>include\game</Filter>
    </ClInclude>
    <ClInclude Include="..\..\..\include\game\AsteroidSpawner.h">
      <Filter>include\game</Filter>
    </ClInclude>
  </ItemGroup>
</Project>